# THIS IS AN AUTOGENERATED FILE. DO NOT EDIT THIS FILE DIRECTLY.
# yarn lockfile v1


madr@^3.0.0:
  version "3.0.0"
  resolved "https://registry.yarnpkg.com/madr/-/madr-3.0.0.tgz#19c3516590c88a716fc61f509dd6d379f2a0acf5"
  integrity sha512-gb4ML7LGDARy2EY0WT5rxCUJcXvColIbNCeyoxcj3s/p1qdbpD3UsZrC7hkFkwOBukwnzx87Cu81HwTLvisTZg==
